
Microsoft Visual Studio Solution File, Format Version 12.00
# Visual Studio Version 17
VisualStudioVersion = 17.12.35527.113 d17.12
MinimumVisualStudioVersion = 10.0.40219.1
Project("{FAE04EC0-301F-11D3-BF4B-00C04F79EFBC}") = "DominoCircularChainChallenge", "DominoCircularChainChallenge\DominoCircularChainChallenge.csproj", "{976BDD90-151C-4C9A-9A74-7E1CE7C3725F}"
EndProject
Project("{FAE04EC0-301F-11D3-BF4B-00C04F79EFBC}") = "DominoCircularChainChallenge.Tests", "DominoCircularChainChallenge.Tests\DominoCircularChainChallenge.Tests.csproj", "{2A4FA1C2-5C17-488F-9CDE-48E2AA06318A}"
EndProject
Global
	GlobalSection(SolutionConfigurationPlatforms) = preSolution
		Debug|Any CPU = Debug|Any CPU
		Release|Any CPU = Release|Any CPU
	EndGlobalSection
	GlobalSection(ProjectConfigurationPlatforms) = postSolution
		{976BDD90-151C-4C9A-9A74-7E1CE7C3725F}.Debug|Any CPU.ActiveCfg = Debug|Any CPU
		{976BDD90-151C-4C9A-9A74-7E1CE7C3725F}.Debug|Any CPU.Build.0 = Debug|Any CPU
		{976BDD90-151C-4C9A-9A74-7E1CE7C3725F}.Release|Any CPU.ActiveCfg = Release|Any CPU
		{976BDD90-151C-4C9A-9A74-7E1CE7C3725F}.Release|Any CPU.Build.0 = Release|Any CPU
		{2A4FA1C2-5C17-488F-9CDE-48E2AA06318A}.Debug|Any CPU.ActiveCfg = Debug|Any CPU
		{2A4FA1C2-5C17-488F-9CDE-48E2AA06318A}.Debug|Any CPU.Build.0 = Debug|Any CPU
		{2A4FA1C2-5C17-488F-9CDE-48E2AA06318A}.Release|Any CPU.ActiveCfg = Release|Any CPU
		{2A4FA1C2-5C17-488F-9CDE-48E2AA06318A}.Release|Any CPU.Build.0 = Release|Any CPU
	EndGlobalSection
	GlobalSection(SolutionProperties) = preSolution
		HideSolutionNode = FALSE
	EndGlobalSection
EndGlobal
